
Microsoft Visual Studio Solution File, Format Version 12.00
# Visual Studio Version 17
VisualStudioVersion = 17.0.32014.148
MinimumVisualStudioVersion = 10.0.40219.1
Project("{9A19103F-16F7-4668-BE54-9A1E7A4F7556}") = "Sample", "Sample\Sample.csproj", "{F39D27AD-2DDE-4E08-AE26-74AD25CC31EE}"
EndProject
Project("{FAE04EC0-301F-11D3-BF4B-00C04F79EFBC}") = "SampleTests", "SampleTests\SampleTests.csproj", "{5B91C683-1E9B-467E-95F2-AE6CDF5D2AEE}"
EndProject
Global
	GlobalSection(SolutionConfigurationPlatforms) = preSolution
		Debug|Any CPU = Debug|Any CPU
		Release|Any CPU = Release|Any CPU
	EndGlobalSection
	GlobalSection(ProjectConfigurationPlatforms) = postSolution
		{F39D27AD-2DDE-4E08-AE26-74AD25CC31EE}.Debug|Any CPU.ActiveCfg = Debug|Any CPU
		{F39D27AD-2DDE-4E08-AE26-74AD25CC31EE}.Debug|Any CPU.Build.0 = Debug|Any CPU
		{F39D27AD-2DDE-4E08-AE26-74AD25CC31EE}.Release|Any CPU.ActiveCfg = Release|Any CPU
		{F39D27AD-2DDE-4E08-AE26-74AD25CC31EE}.Release|Any CPU.Build.0 = Release|Any CPU
		{5B91C683-1E9B-467E-95F2-AE6CDF5D2AEE}.Debug|Any CPU.ActiveCfg = Debug|Any CPU
		{5B91C683-1E9B-467E-95F2-AE6CDF5D2AEE}.Debug|Any CPU.Build.0 = Debug|Any CPU
		{5B91C683-1E9B-467E-95F2-AE6CDF5D2AEE}.Release|Any CPU.ActiveCfg = Release|Any CPU
		{5B91C683-1E9B-467E-95F2-AE6CDF5D2AEE}.Release|Any CPU.Build.0 = Release|Any CPU
	EndGlobalSection
	GlobalSection(SolutionProperties) = preSolution
		HideSolutionNode = FALSE
	EndGlobalSection
	GlobalSection(ExtensibilityGlobals) = postSolution
		SolutionGuid = {D2E386FC-E503-47A7-AF7B-22B694B8F965}
	EndGlobalSection
EndGlobal
